// !$*UTF8*$!
{
	archiveVersion = 1;
	classes = {
	};
	objectVersion = 56;
	objects = {

/* Begin PBXBuildFile section */
		D8505A5B2AAB45B80088D147 /* ProjetApp.swift in Sources */ = {isa = PBXBuildFile; fileRef = D8505A5A2AAB45B80088D147 /* ProjetApp.swift */; };
		D8505A5D2AAB45B80088D147 /* ContentView.swift in Sources */ = {isa = PBXBuildFile; fileRef = D8505A5C2AAB45B80088D147 /* ContentView.swift */; };
		D8505A5F2AAB45B90088D147 /* Assets.xcassets in Resources */ = {isa = PBXBuildFile; fileRef = D8505A5E2AAB45B90088D147 /* Assets.xcassets */; };
		D8505A622AAB45B90088D147 /* Preview Assets.xcassets in Resources */ = {isa = PBXBuildFile; fileRef = D8505A612AAB45B90088D147 /* Preview Assets.xcassets */; };
		D8505A6C2AAB45B90088D147 /* ProjetTests.swift in Sources */ = {isa = PBXBuildFile; fileRef = D8505A6B2AAB45B90088D147 /* ProjetTests.swift */; };
		D8505A762AAB45B90088D147 /* ProjetUITests.swift in Sources */ = {isa = PBXBuildFile; fileRef = D8505A752AAB45B90088D147 /* ProjetUITests.swift */; };
		D8505A782AAB45B90088D147 /* ProjetUITestsLaunchTests.swift in Sources */ = {isa = PBXBuildFile; fileRef = D8505A772AAB45B90088D147 /* ProjetUITestsLaunchTests.swift */; };
		D8505A852AAB52FC0088D147 /* MinesweeperCell.swift in Sources */ = {isa = PBXBuildFile; fileRef = D8505A842AAB52FC0088D147 /* MinesweeperCell.swift */; };
		D8505A872AAB56890088D147 /* MinesweeperGrid.swift in Sources */ = {isa = PBXBuildFile; fileRef = D8505A862AAB56890088D147 /* MinesweeperGrid.swift */; };
/* End PBXBuildFile section */

/* Begin PBXContainerItemProxy section */
		D8505A682AAB45B90088D147 /* PBXContainerItemProxy */ = {
			isa = PBXContainerItemProxy;
			containerPortal = D8505A4F2AAB45B80088D147 /* Project object */;
			proxyType = 1;
			remoteGlobalIDString = D8505A562AAB45B80088D147;
			remoteInfo = Projet;
		};
		D8505A722AAB45B90088D147 /* PBXContainerItemProxy */ = {
			isa = PBXContainerItemProxy;
			containerPortal = D8505A4F2AAB45B80088D147 /* Project object */;
			proxyType = 1;
			remoteGlobalIDString = D8505A562AAB45B80088D147;
			remoteInfo = Projet;
		};
/* End PBXContainerItemProxy section */

/* Begin PBXFileReference section */
		D8505A572AAB45B80088D147 /* Projet.app */ = {isa = PBXFileReference; explicitFileType = wrapper.application; includeInIndex = 0; path = Projet.app; sourceTree = BUILT_PRODUCTS_DIR; };
		D8505A5A2AAB45B80088D147 /* ProjetApp.swift */ = {isa = PBXFileReference; lastKnownFileType = sourcecode.swift; path = ProjetApp.swift; sourceTree = "<group>"; };
		D8505A5C2AAB45B80088D147 /* ContentView.swift */ = {isa = PBXFileReference; lastKnownFileType = sourcecode.swift; path = ContentView.swift; sourceTree = "<group>"; };
		D8505A5E2AAB45B90088D147 /* Assets.xcassets */ = {isa = PBXFileReference; lastKnownFileType = folder.assetcatalog; path = Assets.xcassets; sourceTree = "<group>"; };
		D8505A612AAB45B90088D147 /* Preview Assets.xcassets */ = {isa = PBXFileReference; lastKnownFileType = folder.assetcatalog; path = "Preview Assets.xcassets"; sourceTree = "<group>"; };
		D8505A672AAB45B90088D147 /* ProjetTests.xctest */ = {isa = PBXFileReference; explicitFileType = wrapper.cfbundle; includeInIndex = 0; path = ProjetTests.xctest; sourceTree = BUILT_PRODUCTS_DIR; };
		D8505A6B2AAB45B90088D147 /* ProjetTests.swift */ = {isa = PBXFileReference; lastKnownFileType = sourcecode.swift; path = ProjetTests.swift; sourceTree = "<group>"; };
		D8505A712AAB45B90088D147 /* ProjetUITests.xctest */ = {isa = PBXFileReference; explicitFileType = wrapper.cfbundle; includeInIndex = 0; path = ProjetUITests.xctest; sourceTree = BUILT_PRODUCTS_DIR; };
		D8505A752AAB45B90088D147 /* ProjetUITests.swift */ = {isa = PBXFileReference; lastKnownFileType = sourcecode.swift; path = ProjetUITests.swift; sourceTree = "<group>"; };
		D8505A772AAB45B90088D147 /* ProjetUITestsLaunchTests.swift */ = {isa = PBXFileReference; lastKnownFileType = sourcecode.swift; path = ProjetUITestsLaunchTests.swift; sourceTree = "<group>"; };
		D8505A842AAB52FC0088D147 /* MinesweeperCell.swift */ = {isa = PBXFileReference; lastKnownFileType = sourcecode.swift; path = MinesweeperCell.swift; sourceTree = "<group>"; };
		D8505A862AAB56890088D147 /* MinesweeperGrid.swift */ = {isa = PBXFileReference; lastKnownFileType = sourcecode.swift; path = MinesweeperGrid.swift; sourceTree = "<group>"; };
/* End PBXFileReference section */

/* Begin PBXFrameworksBuildPhase section */
		D8505A542AAB45B80088D147 /* Frameworks */ = {
			isa = PBXFrameworksBuildPhase;
			buildActionMask = 2147483647;
			files = (
			);
			runOnlyForDeploymentPostprocessing = 0;
		};
		D8505A642AAB45B90088D147 /* Frameworks */ = {
			isa = PBXFrameworksBuildPhase;
			buildActionMask = 2147483647;
			files = (
			);
			runOnlyForDeploymentPostprocessing = 0;
		};
		D8505A6E2AAB45B90088D147 /* Frameworks */ = {
			isa = PBXFrameworksBuildPhase;
			buildActionMask = 2147483647;
			files = (
			);
			runOnlyForDeploymentPostprocessing = 0;
		};
/* End PBXFrameworksBuildPhase section */

/* Begin PBXGroup section */
		D8505A4E2AAB45B80088D147 = {
			isa = PBXGroup;
			children = (
				D8505A592AAB45B80088D147 /* Projet */,
				D8505A6A2AAB45B90088D147 /* ProjetTests */,
				D8505A742AAB45B90088D147 /* ProjetUITests */,
				D8505A582AAB45B80088D147 /* Products */,
			);
			sourceTree = "<group>";
		};
		D8505A582AAB45B80088D147 /* Products */ = {
			isa = PBXGroup;
			children = (
				D8505A572AAB45B80088D147 /* Projet.app */,
				D8505A672AAB45B90088D147 /* ProjetTests.xctest */,
				D8505A712AAB45B90088D147 /* ProjetUITests.xctest */,
			);
			name = Products;
			sourceTree = "<group>";
		};
		D8505A592AAB45B80088D147 /* Projet */ = {
			isa = PBXGroup;
			children = (
				D8505A5A2AAB45B80088D147 /* ProjetApp.swift */,
				D8505A5C2AAB45B80088D147 /* ContentView.swift */,
				D8505A5E2AAB45B90088D147 /* Assets.xcassets */,
				D8505A602AAB45B90088D147 /* Preview Content */,
				D8505A842AAB52FC0088D147 /* MinesweeperCell.swift */,
				D8505A862AAB56890088D147 /* MinesweeperGrid.swift */,
			);
			path = Projet;
			sourceTree = "<group>";
		};
		D8505A602AAB45B90088D147 /* Preview Content */ = {
			isa = PBXGroup;
			children = (
				D8505A612AAB45B90088D147 /* Preview Assets.xcassets */,
			);
			path = "Preview Content";
			sourceTree = "<group>";
		};
		D8505A6A2AAB45B90088D147 /* ProjetTests */ = {
			isa = PBXGroup;
			children = (
				D8505A6B2AAB45B90088D147 /* ProjetTests.swift */,
			);
			path = ProjetTests;
			sourceTree = "<group>";
		};
		D8505A742AAB45B90088D147 /* ProjetUITests */ = {
			isa = PBXGroup;
			children = (
				D8505A752AAB45B90088D147 /* ProjetUITests.swift */,
				D8505A772AAB45B90088D147 /* ProjetUITestsLaunchTests.swift */,
			);
			path = ProjetUITests;
			sourceTree = "<group>";
		};
/* End PBXGroup section */

/* Begin PBXNativeTarget section */
		D8505A562AAB45B80088D147 /* Projet */ = {
			isa = PBXNativeTarget;
			buildConfigurationList = D8505A7B2AAB45B90088D147 /* Build configuration list for PBXNativeTarget "Projet" */;
			buildPhases = (
				D8505A532AAB45B80088D147 /* Sources */,
				D8505A542AAB45B80088D147 /* Frameworks */,
				D8505A552AAB45B80088D147 /* Resources */,
			);
			buildRules = (
			);
			dependencies = (
			);
			name = Projet;
			productName = Projet;
			productReference = D8505A572AAB45B80088D147 /* Projet.app */;
			productType = "com.apple.product-type.application";
		};
		D8505A662AAB45B90088D147 /* ProjetTests */ = {
			isa = PBXNativeTarget;
			buildConfigurationList = D8505A7E2AAB45B90088D147 /* Build configuration list for PBXNativeTarget "ProjetTests" */;
			buildPhases = (
				D8505A632AAB45B90088D147 /* Sources */,
				D8505A642AAB45B90088D147 /* Frameworks */,
				D8505A652AAB45B90088D147 /* Resources */,
			);
			buildRules = (
			);
			dependencies = (
				D8505A692AAB45B90088D147 /* PBXTargetDependency */,
			);
			name = ProjetTests;
			productName = ProjetTests;
			productReference = D8505A672AAB45B90088D147 /* ProjetTests.xctest */;
			productType = "com.apple.product-type.bundle.unit-test";
		};
		D8505A702AAB45B90088D147 /* ProjetUITests */ = {
			isa = PBXNativeTarget;
			buildConfigurationList = D8505A812AAB45B90088D147 /* Build configuration list for PBXNativeTarget "ProjetUITests" */;
			buildPhases = (
				D8505A6D2AAB45B90088D147 /* Sources */,
				D8505A6E2AAB45B90088D147 /* Frameworks */,
				D8505A6F2AAB45B90088D147 /* Resources */,
			);
			buildRules = (
			);
			dependencies = (
				D8505A732AAB45B90088D147 /* PBXTargetDependency */,
			);
			name = ProjetUITests;
			productName = ProjetUITests;
			productReference = D8505A712AAB45B90088D147 /* ProjetUITests.xctest */;
			productType = "com.apple.product-type.bundle.ui-testing";
		};
/* End PBXNativeTarget section */

/* Begin PBXProject section */
		D8505A4F2AAB45B80088D147 /* Project object */ = {
			isa = PBXProject;
			attributes = {
				BuildIndependentTargetsInParallel = 1;
				LastSwiftUpdateCheck = 1400;
				LastUpgradeCheck = 1400;
				TargetAttributes = {
					D8505A562AAB45B80088D147 = {
						CreatedOnToolsVersion = 14.0.1;
					};
					D8505A662AAB45B90088D147 = {
						CreatedOnToolsVersion = 14.0.1;
						TestTargetID = D8505A562AAB45B80088D147;
					};
					D8505A702AAB45B90088D147 = {
						CreatedOnToolsVersion = 14.0.1;
						TestTargetID = D8505A562AAB45B80088D147;
					};
				};
			};
			buildConfigurationList = D8505A522AAB45B80088D147 /* Build configuration list for PBXProject "Projet" */;
			compatibilityVersion = "Xcode 14.0";
			developmentRegion = en;
			hasScannedForEncodings = 0;
			knownRegions = (
				en,
				Base,
			);
			mainGroup = D8505A4E2AAB45B80088D147;
			productRefGroup = D8505A582AAB45B80088D147 /* Products */;
			projectDirPath = "";
			projectRoot = "";
			targets = (
				D8505A562AAB45B80088D147 /* Projet */,
				D8505A662AAB45B90088D147 /* ProjetTests */,
				D8505A702AAB45B90088D147 /* ProjetUITests */,
			);
		};
/* End PBXProject section */

/* Begin PBXResourcesBuildPhase section */
		D8505A552AAB45B80088D147 /* Resources */ = {
			isa = PBXResourcesBuildPhase;
			buildActionMask = 2147483647;
			files = (
				D8505A622AAB45B90088D147 /* Preview Assets.xcassets in Resources */,
				D8505A5F2AAB45B90088D147 /* Assets.xcassets in Resources */,
			);
			runOnlyForDeploymentPostprocessing = 0;
		};
		D8505A652AAB45B90088D147 /* Resources */ = {
			isa = PBXResourcesBuildPhase;
			buildActionMask = 2147483647;
			files = (
			);
			runOnlyForDeploymentPostprocessing = 0;
		};
		D8505A6F2AAB45B90088D147 /* Resources */ = {
			isa = PBXResourcesBuildPhase;
			buildActionMask = 2147483647;
			files = (
			);
			runOnlyForDeploymentPostprocessing = 0;
		};
/* End PBXResourcesBuildPhase section */

/* Begin PBXSourcesBuildPhase section */
		D8505A532AAB45B80088D147 /* Sources */ = {
			isa = PBXSourcesBuildPhase;
			buildActionMask = 2147483647;
			files = (
				D8505A5D2AAB45B80088D147 /* ContentView.swift in Sources */,
				D8505A852AAB52FC0088D147 /* MinesweeperCell.swift in Sources */,
				D8505A872AAB56890088D147 /* MinesweeperGrid.swift in Sources */,
				D8505A5B2AAB45B80088D147 /* ProjetApp.swift in Sources */,
			);
			runOnlyForDeploymentPostprocessing = 0;
		};
		D8505A632AAB45B90088D147 /* Sources */ = {
			isa = PBXSourcesBuildPhase;
			buildActionMask = 2147483647;
			files = (
				D8505A6C2AAB45B90088D147 /* ProjetTests.swift in Sources */,
			);
			runOnlyForDeploymentPostprocessing = 0;
		};
		D8505A6D2AAB45B90088D147 /* Sources */ = {
			isa = PBXSourcesBuildPhase;
			buildActionMask = 2147483647;
			files = (
				D8505A782AAB45B90088D147 /* ProjetUITestsLaunchTests.swift in Sources */,
				D8505A762AAB45B90088D147 /* ProjetUITests.swift in Sources */,
			);
			runOnlyForDeploymentPostprocessing = 0;
		};
/* End PBXSourcesBuildPhase section */

/* Begin PBXTargetDependency section */
		D8505A692AAB45B90088D147 /* PBXTargetDependency */ = {
			isa = PBXTargetDependency;
			target = D8505A562AAB45B80088D147 /* Projet */;
			targetProxy = D8505A682AAB45B90088D147 /* PBXContainerItemProxy */;
		};
		D8505A732AAB45B90088D147 /* PBXTargetDependency */ = {
			isa = PBXTargetDependency;
			target = D8505A562AAB45B80088D147 /* Projet */;
			targetProxy = D8505A722AAB45B90088D147 /* PBXContainerItemProxy */;
		};
/* End PBXTargetDependency section */

/* Begin XCBuildConfiguration section */
		D8505A792AAB45B90088D147 /* Debug */ = {
			isa = XCBuildConfiguration;
			buildSettings = {
				ALWAYS_SEARCH_USER_PATHS = NO;
				CLANG_ANALYZER_NONNULL = YES;
				CLANG_ANALYZER_NUMBER_OBJECT_CONVERSION = YES_AGGRESSIVE;
				CLANG_CXX_LANGUAGE_STANDARD = "gnu++20";
				CLANG_ENABLE_MODULES = YES;
				CLANG_ENABLE_OBJC_ARC = YES;
				CLANG_ENABLE_OBJC_WEAK = YES;
				CLANG_WARN_BLOCK_CAPTURE_AUTORELEASING = YES;
				CLANG_WARN_BOOL_CONVERSION = YES;
				CLANG_WARN_COMMA = YES;
				CLANG_WARN_CONSTANT_CONVERSION = YES;
				CLANG_WARN_DEPRECATED_OBJC_IMPLEMENTATIONS = YES;
				CLANG_WARN_DIRECT_OBJC_ISA_USAGE = YES_ERROR;
				CLANG_WARN_DOCUMENTATION_COMMENTS = YES;
				CLANG_WARN_EMPTY_BODY = YES;
				CLANG_WARN_ENUM_CONVERSION = YES;
				CLANG_WARN_INFINITE_RECURSION = YES;
				CLANG_WARN_INT_CONVERSION = YES;
				CLANG_WARN_NON_LITERAL_NULL_CONVERSION = YES;
				CLANG_WARN_OBJC_IMPLICIT_RETAIN_SELF = YES;
				CLANG_WARN_OBJC_LITERAL_CONVERSION = YES;
				CLANG_WARN_OBJC_ROOT_CLASS = YES_ERROR;
				CLANG_WARN_QUOTED_INCLUDE_IN_FRAMEWORK_HEADER = YES;
				CLANG_WARN_RANGE_LOOP_ANALYSIS = YES;
				CLANG_WARN_STRICT_PROTOTYPES = YES;
				CLANG_WARN_SUSPICIOUS_MOVE = YES;
				CLANG_WARN_UNGUARDED_AVAILABILITY = YES_AGGRESSIVE;
				CLANG_WARN_UNREACHABLE_CODE = YES;
				CLANG_WARN__DUPLICATE_METHOD_MATCH = YES;
				COPY_PHASE_STRIP = NO;
				DEBUG_INFORMATION_FORMAT = dwarf;
				ENABLE_STRICT_OBJC_MSGSEND = YES;
				ENABLE_TESTABILITY = YES;
				GCC_C_LANGUAGE_STANDARD = gnu11;
				GCC_DYNAMIC_NO_PIC = NO;
				GCC_NO_COMMON_BLOCKS = YES;
				GCC_OPTIMIZATION_LEVEL = 0;
				GCC_PREPROCESSOR_DEFINITIONS = (
					"DEBUG=1",
					"$(inherited)",
				);
				GCC_WARN_64_TO_32_BIT_CONVERSION = YES;
				GCC_WARN_ABOUT_RETURN_TYPE = YES_ERROR;
				GCC_WARN_UNDECLARED_SELECTOR = YES;
				GCC_WARN_UNINITIALIZED_AUTOS = YES_AGGRESSIVE;
				GCC_WARN_UNUSED_FUNCTION = YES;
				GCC_WARN_UNUSED_VARIABLE = YES;
				IPHONEOS_DEPLOYMENT_TARGET = 16.0;
				MTL_ENABLE_DEBUG_INFO = INCLUDE_SOURCE;
				MTL_FAST_MATH = YES;
				ONLY_ACTIVE_ARCH = YES;
				SDKROOT = iphoneos;
				SWIFT_ACTIVE_COMPILATION_CONDITIONS = DEBUG;
				SWIFT_OPTIMIZATION_LEVEL = "-Onone";
			};
			name = Debug;
		};
		D8505A7A2AAB45B90088D147 /* Release */ = {
			isa = XCBuildConfiguration;
			buildSettings = {
				ALWAYS_SEARCH_USER_PATHS = NO;
				CLANG_ANALYZER_NONNULL = YES;
				CLANG_ANALYZER_NUMBER_OBJECT_CONVERSION = YES_AGGRESSIVE;
				CLANG_CXX_LANGUAGE_STANDARD = "gnu++20";
				CLANG_ENABLE_MODULES = YES;
				CLANG_ENABLE_OBJC_ARC = YES;
				CLANG_ENABLE_OBJC_WEAK = YES;
				CLANG_WARN_BLOCK_CAPTURE_AUTORELEASING = YES;
				CLANG_WARN_BOOL_CONVERSION = YES;
				CLANG_WARN_COMMA = YES;
				CLANG_WARN_CONSTANT_CONVERSION = YES;
				CLANG_WARN_DEPRECATED_OBJC_IMPLEMENTATIONS = YES;
				CLANG_WARN_DIRECT_OBJC_ISA_USAGE = YES_ERROR;
				CLANG_WARN_DOCUMENTATION_COMMENTS = YES;
				CLANG_WARN_EMPTY_BODY = YES;
				CLANG_WARN_ENUM_CONVERSION = YES;
				CLANG_WARN_INFINITE_RECURSION = YES;
				CLANG_WARN_INT_CONVERSION = YES;
				CLANG_WARN_NON_LITERAL_NULL_CONVERSION = YES;
				CLANG_WARN_OBJC_IMPLICIT_RETAIN_SELF = YES;
				CLANG_WARN_OBJC_LITERAL_CONVERSION = YES;
				CLANG_WARN_OBJC_ROOT_CLASS = YES_ERROR;
				CLANG_WARN_QUOTED_INCLUDE_IN_FRAMEWORK_HEADER = YES;
				CLANG_WARN_RANGE_LOOP_ANALYSIS = YES;
				CLANG_WARN_STRICT_PROTOTYPES = YES;
				CLANG_WARN_SUSPICIOUS_MOVE = YES;
				CLANG_WARN_UNGUARDED_AVAILABILITY = YES_AGGRESSIVE;
				CLANG_WARN_UNREACHABLE_CODE = YES;
				CLANG_WARN__DUPLICATE_METHOD_MATCH = YES;
				COPY_PHASE_STRIP = NO;
				DEBUG_INFORMATION_FORMAT = "dwarf-with-dsym";
				ENABLE_NS_ASSERTIONS = NO;
				ENABLE_STRICT_OBJC_MSGSEND = YES;
				GCC_C_LANGUAGE_STANDARD = gnu11;
				GCC_NO_COMMON_BLOCKS = YES;
				GCC_WARN_64_TO_32_BIT_CONVERSION = YES;
				GCC_WARN_ABOUT_RETURN_TYPE = YES_ERROR;
				GCC_WARN_UNDECLARED_SELECTOR = YES;
				GCC_WARN_UNINITIALIZED_AUTOS = YES_AGGRESSIVE;
				GCC_WARN_UNUSED_FUNCTION = YES;
				GCC_WARN_UNUSED_VARIABLE = YES;
				IPHONEOS_DEPLOYMENT_TARGET = 16.0;
				MTL_ENABLE_DEBUG_INFO = NO;
				MTL_FAST_MATH = YES;
				SDKROOT = iphoneos;
				SWIFT_COMPILATION_MODE = wholemodule;
				SWIFT_OPTIMIZATION_LEVEL = "-O";
				VALIDATE_PRODUCT = YES;
			};
			name = Release;
		};
		D8505A7C2AAB45B90088D147 /* Debug */ = {
			isa = XCBuildConfiguration;
			buildSettings = {
				ASSETCATALOG_COMPILER_APPICON_NAME = AppIcon;
				ASSETCATALOG_COMPILER_GLOBAL_ACCENT_COLOR_NAME = AccentColor;
				CODE_SIGN_STYLE = Automatic;
				CURRENT_PROJECT_VERSION = 1;
				DEVELOPMENT_ASSET_PATHS = "\"Projet/Preview Content\"";
				ENABLE_PREVIEWS = YES;
				GENERATE_INFOPLIST_FILE = YES;
				INFOPLIST_KEY_UIApplicationSceneManifest_Generation = YES;
				INFOPLIST_KEY_UIApplicationSupportsIndirectInputEvents = YES;
				INFOPLIST_KEY_UILaunchScreen_Generation = YES;
				INFOPLIST_KEY_UISupportedInterfaceOrientations_iPad = "UIInterfaceOrientationPortrait UIInterfaceOrientationPortraitUpsideDown UIInterfaceOrientationLandscapeLeft UIInterfaceOrientationLandscapeRight";
				INFOPLIST_KEY_UISupportedInterfaceOrientations_iPhone = "UIInterfaceOrientationPortrait UIInterfaceOrientationLandscapeLeft UIInterfaceOrientationLandscapeRight";
				LD_RUNPATH_SEARCH_PATHS = (
					"$(inherited)",
					"@executable_path/Frameworks",
				);
				MARKETING_VERSION = 1.0;
				PRODUCT_BUNDLE_IDENTIFIER = "lucas-tom.Projet";
				PRODUCT_NAME = "$(TARGET_NAME)";
				SWIFT_EMIT_LOC_STRINGS = YES;
				SWIFT_VERSION = 5.0;
				TARGETED_DEVICE_FAMILY = "1,2";
			};
			name = Debug;
		};
		D8505A7D2AAB45B90088D147 /* Release */ = {
			isa = XCBuildConfiguration;
			buildSettings = {
				ASSETCATALOG_COMPILER_APPICON_NAME = AppIcon;
				ASSETCATALOG_COMPILER_GLOBAL_ACCENT_COLOR_NAME = AccentColor;
				CODE_SIGN_STYLE = Automatic;
				CURRENT_PROJECT_VERSION = 1;
				DEVELOPMENT_ASSET_PATHS = "\"Projet/Preview Content\"";
				ENABLE_PREVIEWS = YES;
				GENERATE_INFOPLIST_FILE = YES;
				INFOPLIST_KEY_UIApplicationSceneManifest_Generation = YES;
				INFOPLIST_KEY_UIApplicationSupportsIndirectInputEvents = YES;
				INFOPLIST_KEY_UILaunchScreen_Generation = YES;
				INFOPLIST_KEY_UISupportedInterfaceOrientations_iPad = "UIInterfaceOrientationPortrait UIInterfaceOrientationPortraitUpsideDown UIInterfaceOrientationLandscapeLeft UIInterfaceOrientationLandscapeRight";
				INFOPLIST_KEY_UISupportedInterfaceOrientations_iPhone = "UIInterfaceOrientationPortrait UIInterfaceOrientationLandscapeLeft UIInterfaceOrientationLandscapeRight";
				LD_RUNPATH_SEARCH_PATHS = (
					"$(inherited)",
					"@executable_path/Frameworks",
				);
				MARKETING_VERSION = 1.0;
				PRODUCT_BUNDLE_IDENTIFIER = "lucas-tom.Projet";
				PRODUCT_NAME = "$(TARGET_NAME)";
				SWIFT_EMIT_LOC_STRINGS = YES;
				SWIFT_VERSION = 5.0;
				TARGETED_DEVICE_FAMILY = "1,2";
			};
			name = Release;
		};
		D8505A7F2AAB45B90088D147 /* Debug */ = {
			isa = XCBuildConfiguration;
			buildSettings = {
				ALWAYS_EMBED_SWIFT_STANDARD_LIBRARIES = YES;
				BUNDLE_LOADER = "$(TEST_HOST)";
				CODE_SIGN_STYLE = Automatic;
				CURRENT_PROJECT_VERSION = 1;
				GENERATE_INFOPLIST_FILE = YES;
				IPHONEOS_DEPLOYMENT_TARGET = 16.0;
				MARKETING_VERSION = 1.0;
				PRODUCT_BUNDLE_IDENTIFIER = "lucas-tom.ProjetTests";
				PRODUCT_NAME = "$(TARGET_NAME)";
				SWIFT_EMIT_LOC_STRINGS = NO;
				SWIFT_VERSION = 5.0;
				TARGETED_DEVICE_FAMILY = "1,2";
				TEST_HOST = "$(BUILT_PRODUCTS_DIR)/Projet.app/$(BUNDLE_EXECUTABLE_FOLDER_PATH)/Projet";
			};
			name = Debug;
		};
		D8505A802AAB45B90088D147 /* Release */ = {
			isa = XCBuildConfiguration;
			buildSettings = {
				ALWAYS_EMBED_SWIFT_STANDARD_LIBRARIES = YES;
				BUNDLE_LOADER = "$(TEST_HOST)";
				CODE_SIGN_STYLE = Automatic;
				CURRENT_PROJECT_VERSION = 1;
				GENERATE_INFOPLIST_FILE = YES;
				IPHONEOS_DEPLOYMENT_TARGET = 16.0;
				MARKETING_VERSION = 1.0;
				PRODUCT_BUNDLE_IDENTIFIER = "lucas-tom.ProjetTests";
				PRODUCT_NAME = "$(TARGET_NAME)";
				SWIFT_EMIT_LOC_STRINGS = NO;
				SWIFT_VERSION = 5.0;
				TARGETED_DEVICE_FAMILY = "1,2";
				TEST_HOST = "$(BUILT_PRODUCTS_DIR)/Projet.app/$(BUNDLE_EXECUTABLE_FOLDER_PATH)/Projet";
			};
			name = Release;
		};
		D8505A822AAB45B90088D147 /* Debug */ = {
			isa = XCBuildConfiguration;
			buildSettings = {
				ALWAYS_EMBED_SWIFT_STANDARD_LIBRARIES = YES;
				CODE_SIGN_STYLE = Automatic;
				CURRENT_PROJECT_VERSION = 1;
				GENERATE_INFOPLIST_FILE = YES;
				MARKETING_VERSION = 1.0;
				PRODUCT_BUNDLE_IDENTIFIER = "lucas-tom.ProjetUITests";
				PRODUCT_NAME = "$(TARGET_NAME)";
				SWIFT_EMIT_LOC_STRINGS = NO;
				SWIFT_VERSION = 5.0;
				TARGETED_DEVICE_FAMILY = "1,2";
				TEST_TARGET_NAME = Projet;
			};
			name = Debug;
		};
		D8505A832AAB45B90088D147 /* Release */ = {
			isa = XCBuildConfiguration;
			buildSettings = {
				ALWAYS_EMBED_SWIFT_STANDARD_LIBRARIES = YES;
				CODE_SIGN_STYLE = Automatic;
				CURRENT_PROJECT_VERSION = 1;
				GENERATE_INFOPLIST_FILE = YES;
				MARKETING_VERSION = 1.0;
				PRODUCT_BUNDLE_IDENTIFIER = "lucas-tom.ProjetUITests";
				PRODUCT_NAME = "$(TARGET_NAME)";
				SWIFT_EMIT_LOC_STRINGS = NO;
				SWIFT_VERSION = 5.0;
				TARGETED_DEVICE_FAMILY = "1,2";
				TEST_TARGET_NAME = Projet;
			};
			name = Release;
		};
/* End XCBuildConfiguration section */

/* Begin XCConfigurationList section */
		D8505A522AAB45B80088D147 /* Build configuration list for PBXProject "Projet" */ = {
			isa = XCConfigurationList;
			buildConfigurations = (
				D8505A792AAB45B90088D147 /* Debug */,
				D8505A7A2AAB45B90088D147 /* Release */,
			);
			defaultConfigurationIsVisible = 0;
			defaultConfigurationName = Release;
		};
		D8505A7B2AAB45B90088D147 /* Build configuration list for PBXNativeTarget "Projet" */ = {
			isa = XCConfigurationList;
			buildConfigurations = (
				D8505A7C2AAB45B90088D147 /* Debug */,
				D8505A7D2AAB45B90088D147 /* Release */,
			);
			defaultConfigurationIsVisible = 0;
			defaultConfigurationName = Release;
		};
		D8505A7E2AAB45B90088D147 /* Build configuration list for PBXNativeTarget "ProjetTests" */ = {
			isa = XCConfigurationList;
			buildConfigurations = (
				D8505A7F2AAB45B90088D147 /* Debug */,
				D8505A802AAB45B90088D147 /* Release */,
			);
			defaultConfigurationIsVisible = 0;
			defaultConfigurationName = Release;
		};
		D8505A812AAB45B90088D147 /* Build configuration list for PBXNativeTarget "ProjetUITests" */ = {
			isa = XCConfigurationList;
			buildConfigurations = (
				D8505A822AAB45B90088D147 /* Debug */,
				D8505A832AAB45B90088D147 /* Release */,
			);
			defaultConfigurationIsVisible = 0;
			defaultConfigurationName = Release;
		};
/* End XCConfigurationList section */
	};
	rootObject = D8505A4F2AAB45B80088D147 /* Project object */;
}
